
Microsoft Visual Studio Solution File, Format Version 12.00
# Visual Studio Version 17
VisualStudioVersion = 17.5.33516.290
MinimumVisualStudioVersion = 10.0.40219.1
Project("{FAE04EC0-301F-11D3-BF4B-00C04F79EFBC}") = "Tarea3UI", "Tarea3UI\Tarea3UI.csproj", "{957594AD-0089-4CD1-A15A-FBA6406FC5FD}"
EndProject
Global
	GlobalSection(SolutionConfigurationPlatforms) = preSolution
		Debug|Any CPU = Debug|Any CPU
		Release|Any CPU = Release|Any CPU
	EndGlobalSection
	GlobalSection(ProjectConfigurationPlatforms) = postSolution
		{957594AD-0089-4CD1-A15A-FBA6406FC5FD}.Debug|Any CPU.ActiveCfg = Debug|Any CPU
		{957594AD-0089-4CD1-A15A-FBA6406FC5FD}.Debug|Any CPU.Build.0 = Debug|Any CPU
		{957594AD-0089-4CD1-A15A-FBA6406FC5FD}.Release|Any CPU.ActiveCfg = Release|Any CPU
		{957594AD-0089-4CD1-A15A-FBA6406FC5FD}.Release|Any CPU.Build.0 = Release|Any CPU
	EndGlobalSection
	GlobalSection(SolutionProperties) = preSolution
		HideSolutionNode = FALSE
	EndGlobalSection
	GlobalSection(ExtensibilityGlobals) = postSolution
		SolutionGuid = {9AC91A13-4AA8-493A-9CAD-F5D91DCE09C2}
	EndGlobalSection
EndGlobal
